Microsoft Visual Studio Solution File, Format Version 12.00
# Visual Studio Version 17
VisualStudioVersion = 17.13.35825.156
MinimumVisualStudioVersion = 10.0.40219.1
Project("{FAE04EC0-301F-11D3-BF4B-00C04F79EFBC}") = "lab02", "lab02\lab02.csproj", "{A402D05F-8F9F-4369-B500-2FA268EA6E94}"
EndProject
Project("{FAE04EC0-301F-11D3-BF4B-00C04F79EFBC}") = "GUI", "GUI\GUI.csproj", "{A8592F7C-20E8-43AE-9E35-7E63ACE15D68}"
EndProject
Global
	GlobalSection(SolutionConfigurationPlatforms) = preSolution
		Debug|Any CPU = Debug|Any CPU
		Release|Any CPU = Release|Any CPU
	EndGlobalSection
	GlobalSection(ProjectConfigurationPlatforms) = postSolution
		{A402D05F-8F9F-4369-B500-2FA268EA6E94}.Debug|Any CPU.ActiveCfg = Debug|Any CPU
		{A402D05F-8F9F-4369-B500-2FA268EA6E94}.Debug|Any CPU.Build.0 = Debug|Any CPU
		{A402D05F-8F9F-4369-B500-2FA268EA6E94}.Release|Any CPU.ActiveCfg = Release|Any CPU
		{A402D05F-8F9F-4369-B500-2FA268EA6E94}.Release|Any CPU.Build.0 = Release|Any CPU
		{A8592F7C-20E8-43AE-9E35-7E63ACE15D68}.Debug|Any CPU.ActiveCfg = Debug|Any CPU
		{A8592F7C-20E8-43AE-9E35-7E63ACE15D68}.Debug|Any CPU.Build.0 = Debug|Any CPU
		{A8592F7C-20E8-43AE-9E35-7E63ACE15D68}.Release|Any CPU.ActiveCfg = Release|Any CPU
		{A8592F7C-20E8-43AE-9E35-7E63ACE15D68}.Release|Any CPU.Build.0 = Release|Any CPU
	EndGlobalSection
	GlobalSection(SolutionProperties) = preSolution
		HideSolutionNode = FALSE
	EndGlobalSection
	GlobalSection(ExtensibilityGlobals) = postSolution
		SolutionGuid = {AA827DBE-49F7-47A9-BE9D-16910B5EDD54}
	EndGlobalSection
EndGlobal
